
Microsoft Visual Studio Solution File, Format Version 12.00
# Visual Studio Version 17
VisualStudioVersion = 17.9.34616.47
MinimumVisualStudioVersion = 10.0.40219.1
Project("{FAE04EC0-301F-11D3-BF4B-00C04F79EFBC}") = "EvAldarado", "EvAldarado\EvAldarado.csproj", "{8C0F9894-5D20-4713-8D6A-80ADF52FAD18}"
EndProject
Global
	GlobalSection(SolutionConfigurationPlatforms) = preSolution
		Debug|Any CPU = Debug|Any CPU
		Release|Any CPU = Release|Any CPU
	EndGlobalSection
	GlobalSection(ProjectConfigurationPlatforms) = postSolution
		{8C0F9894-5D20-4713-8D6A-80ADF52FAD18}.Debug|Any CPU.ActiveCfg = Debug|Any CPU
		{8C0F9894-5D20-4713-8D6A-80ADF52FAD18}.Debug|Any CPU.Build.0 = Debug|Any CPU
		{8C0F9894-5D20-4713-8D6A-80ADF52FAD18}.Release|Any CPU.ActiveCfg = Release|Any CPU
		{8C0F9894-5D20-4713-8D6A-80ADF52FAD18}.Release|Any CPU.Build.0 = Release|Any CPU
	EndGlobalSection
	GlobalSection(SolutionProperties) = preSolution
		HideSolutionNode = FALSE
	EndGlobalSection
	GlobalSection(ExtensibilityGlobals) = postSolution
		SolutionGuid = {C2260CB6-34D0-4CDC-A2C9-AFD0475993DF}
	EndGlobalSection
EndGlobal
